
Microsoft Visual Studio Solution File, Format Version 12.00
# Visual Studio 15
VisualStudioVersion = 15.0.28307.421
MinimumVisualStudioVersion = 10.0.40219.1
Project("{FAE04EC0-301F-11D3-BF4B-00C04F79EFBC}") = "LanguageFeatures", "LanguageFeatures\LanguageFeatures.csproj", "{FC48136D-A0B4-4C41-9C8B-40911C4289F5}"
EndProject
Global
	GlobalSection(SolutionConfigurationPlatforms) = preSolution
		Debug|Any CPU = Debug|Any CPU
		Release|Any CPU = Release|Any CPU
	EndGlobalSection
	GlobalSection(ProjectConfigurationPlatforms) = postSolution
		{FC48136D-A0B4-4C41-9C8B-40911C4289F5}.Debug|Any CPU.ActiveCfg = Debug|Any CPU
		{FC48136D-A0B4-4C41-9C8B-40911C4289F5}.Debug|Any CPU.Build.0 = Debug|Any CPU
		{FC48136D-A0B4-4C41-9C8B-40911C4289F5}.Release|Any CPU.ActiveCfg = Release|Any CPU
		{FC48136D-A0B4-4C41-9C8B-40911C4289F5}.Release|Any CPU.Build.0 = Release|Any CPU
	EndGlobalSection
	GlobalSection(SolutionProperties) = preSolution
		HideSolutionNode = FALSE
	EndGlobalSection
	GlobalSection(ExtensibilityGlobals) = postSolution
		SolutionGuid = {C04B415D-E6F0-4230-87A1-3FD9E2E1259D}
	EndGlobalSection
EndGlobal
